PODS:
  - IRFEmojiCheatSheet (0.3.0)

DEPENDENCIES:
  - IRFEmojiCheatSheet (from `git@github.com:neonichu/IRFEmojiCheatSheet.git`)

EXTERNAL SOURCES:
  IRFEmojiCheatSheet:
    :git: git@github.com:neonichu/IRFEmojiCheatSheet.git

CHECKOUT OPTIONS:
  IRFEmojiCheatSheet:
    :commit: 64e88041c99dd9517f0bb291bced29b50a726f0a
    :git: git@github.com:neonichu/IRFEmojiCheatSheet.git

SPEC CHECKSUMS:
  IRFEmojiCheatSheet: 364b2733c4e37c65ef9f56225246cdf42068370f

COCOAPODS: 0.39.0
